
Microsoft Visual Studio Solution File, Format Version 12.00
# Visual Studio 14
VisualStudioVersion = 14.0.25420.1
MinimumVisualStudioVersion = 10.0.40219.1
Project("{FAE04EC0-301F-11D3-BF4B-00C04F79EFBC}") = "Evolent.HealthCare", "Evolent.HealthCare\Evolent.HealthCare.csproj", "{D49D0E0B-0D8B-4F27-9CCE-F7CA64529F66}"
EndProject
Project("{FAE04EC0-301F-11D3-BF4B-00C04F79EFBC}") = "Evolent.SeviceAdapter", "Evolent.SeviceAdapter\Evolent.SeviceAdapter.csproj", "{ABAB3671-03C7-4A62-B6C0-E4AAAB0BD1A0}"
EndProject
Project("{FAE04EC0-301F-11D3-BF4B-00C04F79EFBC}") = "Evolent.HealthCare.WEBAPI", "Evolent.HealthCare.WEBAPI\Evolent.HealthCare.WEBAPI.csproj", "{1BA85FCA-173D-47A3-961D-AD389E10E6F7}"
EndProject
Global
	GlobalSection(SolutionConfigurationPlatforms) = preSolution
		Debug|Any CPU = Debug|Any CPU
		Release|Any CPU = Release|Any CPU
	EndGlobalSection
	GlobalSection(ProjectConfigurationPlatforms) = postSolution
		{D49D0E0B-0D8B-4F27-9CCE-F7CA64529F66}.Debug|Any CPU.ActiveCfg = Debug|Any CPU
		{D49D0E0B-0D8B-4F27-9CCE-F7CA64529F66}.Debug|Any CPU.Build.0 = Debug|Any CPU
		{D49D0E0B-0D8B-4F27-9CCE-F7CA64529F66}.Release|Any CPU.ActiveCfg = Release|Any CPU
		{D49D0E0B-0D8B-4F27-9CCE-F7CA64529F66}.Release|Any CPU.Build.0 = Release|Any CPU
		{ABAB3671-03C7-4A62-B6C0-E4AAAB0BD1A0}.Debug|Any CPU.ActiveCfg = Debug|Any CPU
		{ABAB3671-03C7-4A62-B6C0-E4AAAB0BD1A0}.Debug|Any CPU.Build.0 = Debug|Any CPU
		{ABAB3671-03C7-4A62-B6C0-E4AAAB0BD1A0}.Release|Any CPU.ActiveCfg = Release|Any CPU
		{ABAB3671-03C7-4A62-B6C0-E4AAAB0BD1A0}.Release|Any CPU.Build.0 = Release|Any CPU
		{1BA85FCA-173D-47A3-961D-AD389E10E6F7}.Debug|Any CPU.ActiveCfg = Debug|Any CPU
		{1BA85FCA-173D-47A3-961D-AD389E10E6F7}.Debug|Any CPU.Build.0 = Debug|Any CPU
		{1BA85FCA-173D-47A3-961D-AD389E10E6F7}.Release|Any CPU.ActiveCfg = Release|Any CPU
		{1BA85FCA-173D-47A3-961D-AD389E10E6F7}.Release|Any CPU.Build.0 = Release|Any CPU
	EndGlobalSection
	GlobalSection(SolutionProperties) = preSolution
		HideSolutionNode = FALSE
	EndGlobalSection
EndGlobal
